
Microsoft Visual Studio Solution File, Format Version 12.00
# Visual Studio Version 17
VisualStudioVersion = 17.10.35027.167
MinimumVisualStudioVersion = 10.0.40219.1
Project("{FAE04EC0-301F-11D3-BF4B-00C04F79EFBC}") = "VendorApp", "VendorApp\VendorApp.csproj", "{82678787-7BBD-43E4-ACA6-08331799396B}"
EndProject
Global
	GlobalSection(SolutionConfigurationPlatforms) = preSolution
		Debug|Any CPU = Debug|Any CPU
		Release|Any CPU = Release|Any CPU
	EndGlobalSection
	GlobalSection(ProjectConfigurationPlatforms) = postSolution
		{82678787-7BBD-43E4-ACA6-08331799396B}.Debug|Any CPU.ActiveCfg = Debug|Any CPU
		{82678787-7BBD-43E4-ACA6-08331799396B}.Debug|Any CPU.Build.0 = Debug|Any CPU
		{82678787-7BBD-43E4-ACA6-08331799396B}.Release|Any CPU.ActiveCfg = Release|Any CPU
		{82678787-7BBD-43E4-ACA6-08331799396B}.Release|Any CPU.Build.0 = Release|Any CPU
	EndGlobalSection
	GlobalSection(SolutionProperties) = preSolution
		HideSolutionNode = FALSE
	EndGlobalSection
	GlobalSection(ExtensibilityGlobals) = postSolution
		SolutionGuid = {8CEC0F3D-8AD6-45C9-8EF4-A0760E87233E}
	EndGlobalSection
EndGlobal
